
Microsoft Visual Studio Solution File, Format Version 12.00
# Visual Studio Version 17
VisualStudioVersion = 17.14.36811.4 d17.14
MinimumVisualStudioVersion = 10.0.40219.1
Project("{FAE04EC0-301F-11D3-BF4B-00C04F79EFBC}") = "FileCopier", "FileCopier\FileCopier.csproj", "{1296522E-CDF8-4FF0-9D27-D69C88038248}"
EndProject
Global
	GlobalSection(SolutionConfigurationPlatforms) = preSolution
		Debug|Any CPU = Debug|Any CPU
		Release|Any CPU = Release|Any CPU
	EndGlobalSection
	GlobalSection(ProjectConfigurationPlatforms) = postSolution
		{1296522E-CDF8-4FF0-9D27-D69C88038248}.Debug|Any CPU.ActiveCfg = Debug|Any CPU
		{1296522E-CDF8-4FF0-9D27-D69C88038248}.Debug|Any CPU.Build.0 = Debug|Any CPU
		{1296522E-CDF8-4FF0-9D27-D69C88038248}.Release|Any CPU.ActiveCfg = Release|Any CPU
		{1296522E-CDF8-4FF0-9D27-D69C88038248}.Release|Any CPU.Build.0 = Release|Any CPU
	EndGlobalSection
	GlobalSection(SolutionProperties) = preSolution
		HideSolutionNode = FALSE
	EndGlobalSection
	GlobalSection(ExtensibilityGlobals) = postSolution
		SolutionGuid = {4F809996-03DA-4033-B500-71D4C97F2722}
	EndGlobalSection
EndGlobal
